# This file is automatically @generated by Cargo.
# It is not intended for manual editing.
version = 4

[[package]]
name = "lilith-cli"
version = "0.1.0"
dependencies = [
 "lilith-core",
]

[[package]]
name = "lilith-core"
version = "0.1.0"

[[package]]
name = "lilith-ffmpeg"
version = "0.1.0"

[[package]]
name = "lilith-nico"
version = "0.1.0"

[[package]]
name = "lilith-render"
version = "0.1.0"
